
Microsoft Visual Studio Solution File, Format Version 12.00
# Visual Studio Version 16
VisualStudioVersion = 25.0.1704.2
MinimumVisualStudioVersion = 10.0.40219.1
Project("{FAE04EC0-301F-11D3-BF4B-00C04F79EFBC}") = "AuthMicroservice", "AuthMicroservice\AuthMicroservice.csproj", "{DA292DC5-6C77-4927-8519-624F81C5B8BA}"
EndProject
Global
	GlobalSection(SolutionConfigurationPlatforms) = preSolution
		Debug|Any CPU = Debug|Any CPU
		Release|Any CPU = Release|Any CPU
	EndGlobalSection
	GlobalSection(ProjectConfigurationPlatforms) = postSolution
		{DA292DC5-6C77-4927-8519-624F81C5B8BA}.Debug|Any CPU.ActiveCfg = Debug|Any CPU
		{DA292DC5-6C77-4927-8519-624F81C5B8BA}.Debug|Any CPU.Build.0 = Debug|Any CPU
		{DA292DC5-6C77-4927-8519-624F81C5B8BA}.Release|Any CPU.ActiveCfg = Release|Any CPU
		{DA292DC5-6C77-4927-8519-624F81C5B8BA}.Release|Any CPU.Build.0 = Release|Any CPU
	EndGlobalSection
	GlobalSection(SolutionProperties) = preSolution
		HideSolutionNode = FALSE
	EndGlobalSection
	GlobalSection(ExtensibilityGlobals) = postSolution
		SolutionGuid = {289FB735-7787-48BE-ACA4-FE64233F9EC3}
	EndGlobalSection
EndGlobal
